
Microsoft Visual Studio Solution File, Format Version 12.00
# Visual Studio Version 17
VisualStudioVersion = 17.4.33122.133
MinimumVisualStudioVersion = 10.0.40219.1
Project("{FAE04EC0-301F-11D3-BF4B-00C04F79EFBC}") = "Varelager", "Varelager\Varelager.csproj", "{2435AC19-6286-4549-8742-8B2D27D293E4}"
EndProject
Global
	GlobalSection(SolutionConfigurationPlatforms) = preSolution
		Debug|Any CPU = Debug|Any CPU
		Release|Any CPU = Release|Any CPU
	EndGlobalSection
	GlobalSection(ProjectConfigurationPlatforms) = postSolution
		{2435AC19-6286-4549-8742-8B2D27D293E4}.Debug|Any CPU.ActiveCfg = Debug|Any CPU
		{2435AC19-6286-4549-8742-8B2D27D293E4}.Debug|Any CPU.Build.0 = Debug|Any CPU
		{2435AC19-6286-4549-8742-8B2D27D293E4}.Release|Any CPU.ActiveCfg = Release|Any CPU
		{2435AC19-6286-4549-8742-8B2D27D293E4}.Release|Any CPU.Build.0 = Release|Any CPU
	EndGlobalSection
	GlobalSection(SolutionProperties) = preSolution
		HideSolutionNode = FALSE
	EndGlobalSection
	GlobalSection(ExtensibilityGlobals) = postSolution
		SolutionGuid = {74BEB51F-3BD7-4146-8EF3-E6519874D7E7}
	EndGlobalSection
EndGlobal
